
Microsoft Visual Studio Solution File, Format Version 12.00
# Visual Studio Version 17
VisualStudioVersion = 17.0.31825.309
MinimumVisualStudioVersion = 10.0.40219.1
Project("{FAE04EC0-301F-11D3-BF4B-00C04F79EFBC}") = "Projeto.StartupOne.IHistory.Android", "Projeto.StartupOne.IHistory\Projeto.StartupOne.IHistory.Android\Projeto.StartupOne.IHistory.Android.csproj", "{E05F7D22-E516-470E-B616-F7603FA0C084}"
EndProject
Project("{FAE04EC0-301F-11D3-BF4B-00C04F79EFBC}") = "Projeto.StartupOne.IHistory.iOS", "Projeto.StartupOne.IHistory\Projeto.StartupOne.IHistory.iOS\Projeto.StartupOne.IHistory.iOS.csproj", "{4EEEF295-A221-475F-9F1B-A802EE945BBC}"
EndProject
Project("{FAE04EC0-301F-11D3-BF4B-00C04F79EFBC}") = "Projeto.StartupOne.IHistory", "Projeto.StartupOne.IHistory\Projeto.StartupOne.IHistory\Projeto.StartupOne.IHistory.csproj", "{BD82D508-8DFA-44ED-9BC1-BE099BC301D6}"
EndProject
Project("{FAE04EC0-301F-11D3-BF4B-00C04F79EFBC}") = "Projeto.StartupOne.Api", "Projeto.StartupOne.Api\Projeto.StartupOne.Api.csproj", "{61369B17-327D-4481-B840-B82B6A77F766}"
EndProject
Global
	GlobalSection(SolutionConfigurationPlatforms) = preSolution
		Debug|Any CPU = Debug|Any CPU
		Debug|iPhone = Debug|iPhone
		Debug|iPhoneSimulator = Debug|iPhoneSimulator
		Release|Any CPU = Release|Any CPU
		Release|iPhone = Release|iPhone
		Release|iPhoneSimulator = Release|iPhoneSimulator
	EndGlobalSection
	GlobalSection(ProjectConfigurationPlatforms) = postSolution
		{E05F7D22-E516-470E-B616-F7603FA0C084}.Debug|Any CPU.ActiveCfg = Debug|Any CPU
		{E05F7D22-E516-470E-B616-F7603FA0C084}.Debug|Any CPU.Build.0 = Debug|Any CPU
		{E05F7D22-E516-470E-B616-F7603FA0C084}.Debug|Any CPU.Deploy.0 = Debug|Any CPU
		{E05F7D22-E516-470E-B616-F7603FA0C084}.Debug|iPhone.ActiveCfg = Debug|Any CPU
		{E05F7D22-E516-470E-B616-F7603FA0C084}.Debug|iPhone.Build.0 = Debug|Any CPU
		{E05F7D22-E516-470E-B616-F7603FA0C084}.Debug|iPhone.Deploy.0 = Debug|Any CPU
		{E05F7D22-E516-470E-B616-F7603FA0C084}.Debug|iPhoneSimulator.ActiveCfg = Debug|Any CPU
		{E05F7D22-E516-470E-B616-F7603FA0C084}.Debug|iPhoneSimulator.Build.0 = Debug|Any CPU
		{E05F7D22-E516-470E-B616-F7603FA0C084}.Debug|iPhoneSimulator.Deploy.0 = Debug|Any CPU
		{E05F7D22-E516-470E-B616-F7603FA0C084}.Release|Any CPU.ActiveCfg = Release|Any CPU
		{E05F7D22-E516-470E-B616-F7603FA0C084}.Release|Any CPU.Build.0 = Release|Any CPU
		{E05F7D22-E516-470E-B616-F7603FA0C084}.Release|Any CPU.Deploy.0 = Release|Any CPU
		{E05F7D22-E516-470E-B616-F7603FA0C084}.Release|iPhone.ActiveCfg = Release|Any CPU
		{E05F7D22-E516-470E-B616-F7603FA0C084}.Release|iPhone.Build.0 = Release|Any CPU
		{E05F7D22-E516-470E-B616-F7603FA0C084}.Release|iPhone.Deploy.0 = Release|Any CPU
		{E05F7D22-E516-470E-B616-F7603FA0C084}.Release|iPhoneSimulator.ActiveCfg = Release|Any CPU
		{E05F7D22-E516-470E-B616-F7603FA0C084}.Release|iPhoneSimulator.Build.0 = Release|Any CPU
		{E05F7D22-E516-470E-B616-F7603FA0C084}.Release|iPhoneSimulator.Deploy.0 = Release|Any CPU
		{4EEEF295-A221-475F-9F1B-A802EE945BBC}.Debug|Any CPU.ActiveCfg = Debug|iPhone
		{4EEEF295-A221-475F-9F1B-A802EE945BBC}.Debug|Any CPU.Build.0 = Debug|iPhone
		{4EEEF295-A221-475F-9F1B-A802EE945BBC}.Debug|Any CPU.Deploy.0 = Debug|iPhone
		{4EEEF295-A221-475F-9F1B-A802EE945BBC}.Debug|iPhone.ActiveCfg = Debug|iPhone
		{4EEEF295-A221-475F-9F1B-A802EE945BBC}.Debug|iPhone.Build.0 = Debug|iPhone
		{4EEEF295-A221-475F-9F1B-A802EE945BBC}.Debug|iPhone.Deploy.0 = Debug|iPhone
		{4EEEF295-A221-475F-9F1B-A802EE945BBC}.Debug|iPhoneSimulator.ActiveCfg = Debug|iPhoneSimulator
		{4EEEF295-A221-475F-9F1B-A802EE945BBC}.Debug|iPhoneSimulator.Build.0 = Debug|iPhoneSimulator
		{4EEEF295-A221-475F-9F1B-A802EE945BBC}.Debug|iPhoneSimulator.Deploy.0 = Debug|iPhoneSimulator
		{4EEEF295-A221-475F-9F1B-A802EE945BBC}.Release|Any CPU.ActiveCfg = Release|iPhoneSimulator
		{4EEEF295-A221-475F-9F1B-A802EE945BBC}.Release|Any CPU.Build.0 = Release|iPhoneSimulator
		{4EEEF295-A221-475F-9F1B-A802EE945BBC}.Release|Any CPU.Deploy.0 = Release|iPhoneSimulator
		{4EEEF295-A221-475F-9F1B-A802EE945BBC}.Release|iPhone.ActiveCfg = Release|iPhone
		{4EEEF295-A221-475F-9F1B-A802EE945BBC}.Release|iPhone.Build.0 = Release|iPhone
		{4EEEF295-A221-475F-9F1B-A802EE945BBC}.Release|iPhone.Deploy.0 = Release|iPhone
		{4EEEF295-A221-475F-9F1B-A802EE945BBC}.Release|iPhoneSimulator.ActiveCfg = Release|iPhoneSimulator
		{4EEEF295-A221-475F-9F1B-A802EE945BBC}.Release|iPhoneSimulator.Build.0 = Release|iPhoneSimulator
		{4EEEF295-A221-475F-9F1B-A802EE945BBC}.Release|iPhoneSimulator.Deploy.0 = Release|iPhoneSimulator
		{BD82D508-8DFA-44ED-9BC1-BE099BC301D6}.Debug|Any CPU.ActiveCfg = Debug|Any CPU
		{BD82D508-8DFA-44ED-9BC1-BE099BC301D6}.Debug|Any CPU.Build.0 = Debug|Any CPU
		{BD82D508-8DFA-44ED-9BC1-BE099BC301D6}.Debug|Any CPU.Deploy.0 = Debug|Any CPU
		{BD82D508-8DFA-44ED-9BC1-BE099BC301D6}.Debug|iPhone.ActiveCfg = Debug|Any CPU
		{BD82D508-8DFA-44ED-9BC1-BE099BC301D6}.Debug|iPhone.Build.0 = Debug|Any CPU
		{BD82D508-8DFA-44ED-9BC1-BE099BC301D6}.Debug|iPhone.Deploy.0 = Debug|Any CPU
		{BD82D508-8DFA-44ED-9BC1-BE099BC301D6}.Debug|iPhoneSimulator.ActiveCfg = Debug|Any CPU
		{BD82D508-8DFA-44ED-9BC1-BE099BC301D6}.Debug|iPhoneSimulator.Build.0 = Debug|Any CPU
		{BD82D508-8DFA-44ED-9BC1-BE099BC301D6}.Debug|iPhoneSimulator.Deploy.0 = Debug|Any CPU
		{BD82D508-8DFA-44ED-9BC1-BE099BC301D6}.Release|Any CPU.ActiveCfg = Release|Any CPU
		{BD82D508-8DFA-44ED-9BC1-BE099BC301D6}.Release|Any CPU.Build.0 = Release|Any CPU
		{BD82D508-8DFA-44ED-9BC1-BE099BC301D6}.Release|Any CPU.Deploy.0 = Release|Any CPU
		{BD82D508-8DFA-44ED-9BC1-BE099BC301D6}.Release|iPhone.ActiveCfg = Release|Any CPU
		{BD82D508-8DFA-44ED-9BC1-BE099BC301D6}.Release|iPhone.Build.0 = Release|Any CPU
		{BD82D508-8DFA-44ED-9BC1-BE099BC301D6}.Release|iPhone.Deploy.0 = Release|Any CPU
		{BD82D508-8DFA-44ED-9BC1-BE099BC301D6}.Release|iPhoneSimulator.ActiveCfg = Release|Any CPU
		{BD82D508-8DFA-44ED-9BC1-BE099BC301D6}.Release|iPhoneSimulator.Build.0 = Release|Any CPU
		{BD82D508-8DFA-44ED-9BC1-BE099BC301D6}.Release|iPhoneSimulator.Deploy.0 = Release|Any CPU
		{61369B17-327D-4481-B840-B82B6A77F766}.Debug|Any CPU.ActiveCfg = Debug|Any CPU
		{61369B17-327D-4481-B840-B82B6A77F766}.Debug|Any CPU.Build.0 = Debug|Any CPU
		{61369B17-327D-4481-B840-B82B6A77F766}.Debug|iPhone.ActiveCfg = Debug|Any CPU
		{61369B17-327D-4481-B840-B82B6A77F766}.Debug|iPhone.Build.0 = Debug|Any CPU
		{61369B17-327D-4481-B840-B82B6A77F766}.Debug|iPhoneSimulator.ActiveCfg = Debug|Any CPU
		{61369B17-327D-4481-B840-B82B6A77F766}.Debug|iPhoneSimulator.Build.0 = Debug|Any CPU
		{61369B17-327D-4481-B840-B82B6A77F766}.Release|Any CPU.ActiveCfg = Release|Any CPU
		{61369B17-327D-4481-B840-B82B6A77F766}.Release|Any CPU.Build.0 = Release|Any CPU
		{61369B17-327D-4481-B840-B82B6A77F766}.Release|iPhone.ActiveCfg = Release|Any CPU
		{61369B17-327D-4481-B840-B82B6A77F766}.Release|iPhone.Build.0 = Release|Any CPU
		{61369B17-327D-4481-B840-B82B6A77F766}.Release|iPhoneSimulator.ActiveCfg = Release|Any CPU
		{61369B17-327D-4481-B840-B82B6A77F766}.Release|iPhoneSimulator.Build.0 = Release|Any CPU
	EndGlobalSection
	GlobalSection(SolutionProperties) = preSolution
		HideSolutionNode = FALSE
	EndGlobalSection
	GlobalSection(ExtensibilityGlobals) = postSolution
		SolutionGuid = {101301AF-49B7-40F0-AE49-75156FA8B198}
	EndGlobalSection
EndGlobal
